
Microsoft Visual Studio Solution File, Format Version 12.00
# Visual Studio 2012
Project("{FAE04EC0-301F-11D3-BF4B-00C04F79EFBC}") = "Tako.RCR", "Tako.RCR\Tako.RCR.csproj", "{2EE9E1D3-AB99-4602-9C38-3B53AC114C29}"
EndProject
Project("{FAE04EC0-301F-11D3-BF4B-00C04F79EFBC}") = "Tako.RCR.UnitTestProject", "Tako.RCR.UnitTestProject\Tako.RCR.UnitTestProject.csproj", "{513361B9-7196-4C47-A18F-840B45F8E9BC}"
EndProject
Global
	GlobalSection(TeamFoundationVersionControl) = preSolution
		SccNumberOfProjects = 3
		SccEnterpriseProvider = {4CA58AB2-18FA-4F8D-95D4-32DDF27D184C}
		SccTeamFoundationServer = https://tfs.codeplex.com/tfs/tfs15
		SccLocalPath0 = .
		SccProjectUniqueName1 = Tako.RCR\\Tako.RCR.csproj
		SccProjectName1 = Tako.RCR
		SccLocalPath1 = Tako.RCR
		SccProjectUniqueName2 = Tako.RCR.UnitTestProject\\Tako.RCR.UnitTestProject.csproj
		SccProjectName2 = Tako.RCR.UnitTestProject
		SccLocalPath2 = Tako.RCR.UnitTestProject
	EndGlobalSection
	GlobalSection(SolutionConfigurationPlatforms) = preSolution
		Debug|Any CPU = Debug|Any CPU
		Release|Any CPU = Release|Any CPU
	EndGlobalSection
	GlobalSection(ProjectConfigurationPlatforms) = postSolution
		{2EE9E1D3-AB99-4602-9C38-3B53AC114C29}.Debug|Any CPU.ActiveCfg = Debug|Any CPU
		{2EE9E1D3-AB99-4602-9C38-3B53AC114C29}.Debug|Any CPU.Build.0 = Debug|Any CPU
		{2EE9E1D3-AB99-4602-9C38-3B53AC114C29}.Release|Any CPU.ActiveCfg = Release|Any CPU
		{2EE9E1D3-AB99-4602-9C38-3B53AC114C29}.Release|Any CPU.Build.0 = Release|Any CPU
		{513361B9-7196-4C47-A18F-840B45F8E9BC}.Debug|Any CPU.ActiveCfg = Debug|Any CPU
		{513361B9-7196-4C47-A18F-840B45F8E9BC}.Debug|Any CPU.Build.0 = Debug|Any CPU
		{513361B9-7196-4C47-A18F-840B45F8E9BC}.Release|Any CPU.ActiveCfg = Release|Any CPU
		{513361B9-7196-4C47-A18F-840B45F8E9BC}.Release|Any CPU.Build.0 = Release|Any CPU
	EndGlobalSection
	GlobalSection(SolutionProperties) = preSolution
		HideSolutionNode = FALSE
	EndGlobalSection
EndGlobal
