
Microsoft Visual Studio Solution File, Format Version 12.00
# Visual Studio 2013
VisualStudioVersion = 12.0.30723.0
MinimumVisualStudioVersion = 10.0.40219.1
Project("{FAE04EC0-301F-11D3-BF4B-00C04F79EFBC}") = "Tako.Serialization", "Tako.Serialization\Tako.Serialization.csproj", "{073B0C77-73DF-417C-9522-0208BBAE1468}"
EndProject
Project("{FAE04EC0-301F-11D3-BF4B-00C04F79EFBC}") = "Tako.Serialization.UnitTest", "Tako.Serialization.UnitTest\Tako.Serialization.UnitTest.csproj", "{63DF349A-E5E0-4506-92F5-6CAC1AE34656}"
EndProject
Global
	GlobalSection(TeamFoundationVersionControl) = preSolution
		SccNumberOfProjects = 3
		SccEnterpriseProvider = {4CA58AB2-18FA-4F8D-95D4-32DDF27D184C}
		SccTeamFoundationServer = https://tfs.codeplex.com/tfs/tfs15
		SccLocalPath0 = .
		SccProjectUniqueName1 = Tako.Serialization.UnitTest\\Tako.Serialization.UnitTest.csproj
		SccProjectName1 = Tako.Serialization.UnitTest
		SccLocalPath1 = Tako.Serialization.UnitTest
		SccProjectUniqueName2 = Tako.Serialization\\Tako.Serialization.csproj
		SccProjectName2 = Tako.Serialization
		SccLocalPath2 = Tako.Serialization
	EndGlobalSection
	GlobalSection(SolutionConfigurationPlatforms) = preSolution
		Debug|Any CPU = Debug|Any CPU
		NuGet|Any CPU = NuGet|Any CPU
		Release|Any CPU = Release|Any CPU
	EndGlobalSection
	GlobalSection(ProjectConfigurationPlatforms) = postSolution
		{073B0C77-73DF-417C-9522-0208BBAE1468}.Debug|Any CPU.ActiveCfg = Debug|Any CPU
		{073B0C77-73DF-417C-9522-0208BBAE1468}.Debug|Any CPU.Build.0 = Debug|Any CPU
		{073B0C77-73DF-417C-9522-0208BBAE1468}.NuGet|Any CPU.ActiveCfg = NuGet|Any CPU
		{073B0C77-73DF-417C-9522-0208BBAE1468}.NuGet|Any CPU.Build.0 = NuGet|Any CPU
		{073B0C77-73DF-417C-9522-0208BBAE1468}.Release|Any CPU.ActiveCfg = Release|Any CPU
		{073B0C77-73DF-417C-9522-0208BBAE1468}.Release|Any CPU.Build.0 = Release|Any CPU
		{63DF349A-E5E0-4506-92F5-6CAC1AE34656}.Debug|Any CPU.ActiveCfg = Debug|Any CPU
		{63DF349A-E5E0-4506-92F5-6CAC1AE34656}.Debug|Any CPU.Build.0 = Debug|Any CPU
		{63DF349A-E5E0-4506-92F5-6CAC1AE34656}.NuGet|Any CPU.ActiveCfg = NuGet|Any CPU
		{63DF349A-E5E0-4506-92F5-6CAC1AE34656}.NuGet|Any CPU.Build.0 = NuGet|Any CPU
		{63DF349A-E5E0-4506-92F5-6CAC1AE34656}.Release|Any CPU.ActiveCfg = Release|Any CPU
		{63DF349A-E5E0-4506-92F5-6CAC1AE34656}.Release|Any CPU.Build.0 = Release|Any CPU
	EndGlobalSection
	GlobalSection(SolutionProperties) = preSolution
		HideSolutionNode = FALSE
	EndGlobalSection
EndGlobal
